
Microsoft Visual Studio Solution File, Format Version 12.00
# Visual Studio Version 17
VisualStudioVersion = 17.6.33723.286
MinimumVisualStudioVersion = 10.0.40219.1
Project("{FAE04EC0-301F-11D3-BF4B-00C04F79EFBC}") = "minimalAPINet7OK", "minimalAPINet7OK\minimalAPINet7OK.csproj", "{198D021E-6976-4447-A157-9E3399F15890}"
EndProject
Global
	GlobalSection(SolutionConfigurationPlatforms) = preSolution
		Debug|Any CPU = Debug|Any CPU
		Release|Any CPU = Release|Any CPU
	EndGlobalSection
	GlobalSection(ProjectConfigurationPlatforms) = postSolution
		{198D021E-6976-4447-A157-9E3399F15890}.Debug|Any CPU.ActiveCfg = Debug|Any CPU
		{198D021E-6976-4447-A157-9E3399F15890}.Debug|Any CPU.Build.0 = Debug|Any CPU
		{198D021E-6976-4447-A157-9E3399F15890}.Release|Any CPU.ActiveCfg = Release|Any CPU
		{198D021E-6976-4447-A157-9E3399F15890}.Release|Any CPU.Build.0 = Release|Any CPU
	EndGlobalSection
	GlobalSection(SolutionProperties) = preSolution
		HideSolutionNode = FALSE
	EndGlobalSection
	GlobalSection(ExtensibilityGlobals) = postSolution
		SolutionGuid = {90BC50D4-D04B-419E-8A23-92C54C4FF0E6}
	EndGlobalSection
EndGlobal
